
Microsoft Visual Studio Solution File, Format Version 12.00
# Visual Studio Version 17
VisualStudioVersion = 17.0.31903.59
MinimumVisualStudioVersion = 10.0.40219.1
Project("{2150E333-8FDC-42A3-9474-1A3956D46DE8}") = "src", "src", "{4E0FD89C-E1B0-4AA0-8314-73F7AB61BC17}"
EndProject
Project("{FAE04EC0-301F-11D3-BF4B-00C04F79EFBC}") = "Economix.Api", "src\Economix.Api\Economix.Api.csproj", "{86591756-5C91-40F9-AB3A-CE310A5CF62F}"
EndProject
Project("{2150E333-8FDC-42A3-9474-1A3956D46DE8}") = "test", "test", "{2B51883F-A079-4036-BC17-2CC65BCB4E55}"
EndProject
Project("{FAE04EC0-301F-11D3-BF4B-00C04F79EFBC}") = "Economix.Tests", "test\Economix.Tests\Economix.Tests.csproj", "{3F6C1542-A219-4083-8904-FD6C5F6F7696}"
EndProject
Global
	GlobalSection(SolutionConfigurationPlatforms) = preSolution
		Debug|Any CPU = Debug|Any CPU
		Release|Any CPU = Release|Any CPU
	EndGlobalSection
	GlobalSection(SolutionProperties) = preSolution
		HideSolutionNode = FALSE
	EndGlobalSection
	GlobalSection(ProjectConfigurationPlatforms) = postSolution
		{86591756-5C91-40F9-AB3A-CE310A5CF62F}.Debug|Any CPU.ActiveCfg = Debug|Any CPU
		{86591756-5C91-40F9-AB3A-CE310A5CF62F}.Debug|Any CPU.Build.0 = Debug|Any CPU
		{86591756-5C91-40F9-AB3A-CE310A5CF62F}.Release|Any CPU.ActiveCfg = Release|Any CPU
		{86591756-5C91-40F9-AB3A-CE310A5CF62F}.Release|Any CPU.Build.0 = Release|Any CPU
		{3F6C1542-A219-4083-8904-FD6C5F6F7696}.Debug|Any CPU.ActiveCfg = Debug|Any CPU
		{3F6C1542-A219-4083-8904-FD6C5F6F7696}.Debug|Any CPU.Build.0 = Debug|Any CPU
		{3F6C1542-A219-4083-8904-FD6C5F6F7696}.Release|Any CPU.ActiveCfg = Release|Any CPU
		{3F6C1542-A219-4083-8904-FD6C5F6F7696}.Release|Any CPU.Build.0 = Release|Any CPU
	EndGlobalSection
	GlobalSection(NestedProjects) = preSolution
		{86591756-5C91-40F9-AB3A-CE310A5CF62F} = {4E0FD89C-E1B0-4AA0-8314-73F7AB61BC17}
		{3F6C1542-A219-4083-8904-FD6C5F6F7696} = {2B51883F-A079-4036-BC17-2CC65BCB4E55}
	EndGlobalSection
EndGlobal
